// !$*UTF8*$!
{
	archiveVersion = 1;
	classes = {
	};
	objectVersion = 46;
	objects = {

/* Begin PBXBuildFile section */
		205646D51C3DB82C008331BB /* AppDelegate.swift in Sources */ = {isa = PBXBuildFile; fileRef = 205646D41C3DB82C008331BB /* AppDelegate.swift */; };
		205646D71C3DB82C008331BB /* ViewController.swift in Sources */ = {isa = PBXBuildFile; fileRef = 205646D61C3DB82C008331BB /* ViewController.swift */; };
		205646DA1C3DB82C008331BB /* Main.storyboard in Resources */ = {isa = PBXBuildFile; fileRef = 205646D81C3DB82C008331BB /* Main.storyboard */; };
		205646DC1C3DB82C008331BB /* Assets.xcassets in Resources */ = {isa = PBXBuildFile; fileRef = 205646DB1C3DB82C008331BB /* Assets.xcassets */; };
		205646DF1C3DB82C008331BB /* LaunchScreen.storyboard in Resources */ = {isa = PBXBuildFile; fileRef = 205646DD1C3DB82C008331BB /* LaunchScreen.storyboard */; };
		205646EA1C3DB82C008331BB /* testTests.swift in Sources */ = {isa = PBXBuildFile; fileRef = 205646E91C3DB82C008331BB /* testTests.swift */; };
		205646F51C3DB82C008331BB /* testUITests.swift in Sources */ = {isa = PBXBuildFile; fileRef = 205646F41C3DB82C008331BB /* testUITests.swift */; };
		205647031C3DC4DD008331BB /* AVFoundation.framework in Frameworks */ = {isa = PBXBuildFile; fileRef = 205647021C3DC4DD008331BB /* AVFoundation.framework */; };
		205647051C3DC58E008331BB /* siren.mp3 in Resources */ = {isa = PBXBuildFile; fileRef = 205647041C3DC58E008331BB /* siren.mp3 */; };
		208AD0431C5074C10021563C /* batteryState.swift in Sources */ = {isa = PBXBuildFile; fileRef = 208AD0421C5074C10021563C /* batteryState.swift */; };
/* End PBXBuildFile section */

/* Begin PBXContainerItemProxy section */
		205646E61C3DB82C008331BB /* PBXContainerItemProxy */ = {
			isa = PBXContainerItemProxy;
			containerPortal = 205646C91C3DB82C008331BB /* Project object */;
			proxyType = 1;
			remoteGlobalIDString = 205646D01C3DB82C008331BB;
			remoteInfo = test;
		};
		205646F11C3DB82C008331BB /* PBXContainerItemProxy */ = {
			isa = PBXContainerItemProxy;
			containerPortal = 205646C91C3DB82C008331BB /* Project object */;
			proxyType = 1;
			remoteGlobalIDString = 205646D01C3DB82C008331BB;
			remoteInfo = test;
		};
/* End PBXContainerItemProxy section */

/* Begin PBXFileReference section */
		205646D11C3DB82C008331BB /* test.app */ = {isa = PBXFileReference; explicitFileType = wrapper.application; includeInIndex = 0; path = test.app; sourceTree = BUILT_PRODUCTS_DIR; };
		205646D41C3DB82C008331BB /* AppDelegate.swift */ = {isa = PBXFileReference; lastKnownFileType = sourcecode.swift; path = AppDelegate.swift; sourceTree = "<group>"; };
		205646D61C3DB82C008331BB /* ViewController.swift */ = {isa = PBXFileReference; lastKnownFileType = sourcecode.swift; path = ViewController.swift; sourceTree = "<group>"; };
		205646D91C3DB82C008331BB /* Base */ = {isa = PBXFileReference; lastKnownFileType = file.storyboard; name = Base; path = Base.lproj/Main.storyboard; sourceTree = "<group>"; };
		205646DB1C3DB82C008331BB /* Assets.xcassets */ = {isa = PBXFileReference; lastKnownFileType = folder.assetcatalog; path = Assets.xcassets; sourceTree = "<group>"; };
		205646DE1C3DB82C008331BB /* Base */ = {isa = PBXFileReference; lastKnownFileType = file.storyboard; name = Base; path = Base.lproj/LaunchScreen.storyboard; sourceTree = "<group>"; };
		205646E01C3DB82C008331BB /* Info.plist */ = {isa = PBXFileReference; lastKnownFileType = text.plist.xml; path = Info.plist; sourceTree = "<group>"; };
		205646E51C3DB82C008331BB /* testTests.xctest */ = {isa = PBXFileReference; explicitFileType = wrapper.cfbundle; includeInIndex = 0; path = testTests.xctest; sourceTree = BUILT_PRODUCTS_DIR; };
		205646E91C3DB82C008331BB /* testTests.swift */ = {isa = PBXFileReference; lastKnownFileType = sourcecode.swift; path = testTests.swift; sourceTree = "<group>"; };
		205646EB1C3DB82C008331BB /* Info.plist */ = {isa = PBXFileReference; lastKnownFileType = text.plist.xml; path = Info.plist; sourceTree = "<group>"; };
		205646F01C3DB82C008331BB /* testUITests.xctest */ = {isa = PBXFileReference; explicitFileType = wrapper.cfbundle; includeInIndex = 0; path = testUITests.xctest; sourceTree = BUILT_PRODUCTS_DIR; };
		205646F41C3DB82C008331BB /* testUITests.swift */ = {isa = PBXFileReference; lastKnownFileType = sourcecode.swift; path = testUITests.swift; sourceTree = "<group>"; };
		205646F61C3DB82C008331BB /* Info.plist */ = {isa = PBXFileReference; lastKnownFileType = text.plist.xml; path = Info.plist; sourceTree = "<group>"; };
		205647021C3DC4DD008331BB /* AVFoundation.framework */ = {isa = PBXFileReference; lastKnownFileType = wrapper.framework; name = AVFoundation.framework; path = System/Library/Frameworks/AVFoundation.framework; sourceTree = SDKROOT; };
		205647041C3DC58E008331BB /* siren.mp3 */ = {isa = PBXFileReference; lastKnownFileType = audio.mp3; name = siren.mp3; path = ../siren.mp3; sourceTree = "<group>"; };
		208AD0421C5074C10021563C /* batteryState.swift */ = {isa = PBXFileReference; fileEncoding = 4; lastKnownFileType = sourcecode.swift; path = batteryState.swift; sourceTree = "<group>"; };
/* End PBXFileReference section */

/* Begin PBXFrameworksBuildPhase section */
		205646CE1C3DB82C008331BB /* Frameworks */ = {
			isa = PBXFrameworksBuildPhase;
			buildActionMask = 2147483647;
			files = (
				205647031C3DC4DD008331BB /* AVFoundation.framework in Frameworks */,
			);
			runOnlyForDeploymentPostprocessing = 0;
		};
		205646E21C3DB82C008331BB /* Frameworks */ = {
			isa = PBXFrameworksBuildPhase;
			buildActionMask = 2147483647;
			files = (
			);
			runOnlyForDeploymentPostprocessing = 0;
		};
		205646ED1C3DB82C008331BB /* Frameworks */ = {
			isa = PBXFrameworksBuildPhase;
			buildActionMask = 2147483647;
			files = (
			);
			runOnlyForDeploymentPostprocessing = 0;
		};
/* End PBXFrameworksBuildPhase section */

/* Begin PBXGroup section */
		205646C81C3DB82C008331BB = {
			isa = PBXGroup;
			children = (
				205647021C3DC4DD008331BB /* AVFoundation.framework */,
				205646D31C3DB82C008331BB /* test */,
				205646E81C3DB82C008331BB /* testTests */,
				205646F31C3DB82C008331BB /* testUITests */,
				205646D21C3DB82C008331BB /* Products */,
			);
			sourceTree = "<group>";
		};
		205646D21C3DB82C008331BB /* Products */ = {
			isa = PBXGroup;
			children = (
				205646D11C3DB82C008331BB /* test.app */,
				205646E51C3DB82C008331BB /* testTests.xctest */,
				205646F01C3DB82C008331BB /* testUITests.xctest */,
			);
			name = Products;
			sourceTree = "<group>";
		};
		205646D31C3DB82C008331BB /* test */ = {
			isa = PBXGroup;
			children = (
				205646D41C3DB82C008331BB /* AppDelegate.swift */,
				205646D61C3DB82C008331BB /* ViewController.swift */,
				208AD0421C5074C10021563C /* batteryState.swift */,
				205646D81C3DB82C008331BB /* Main.storyboard */,
				205646DB1C3DB82C008331BB /* Assets.xcassets */,
				205646DD1C3DB82C008331BB /* LaunchScreen.storyboard */,
				205646E01C3DB82C008331BB /* Info.plist */,
				205647041C3DC58E008331BB /* siren.mp3 */,
			);
			path = test;
			sourceTree = "<group>";
		};
		205646E81C3DB82C008331BB /* testTests */ = {
			isa = PBXGroup;
			children = (
				205646E91C3DB82C008331BB /* testTests.swift */,
				205646EB1C3DB82C008331BB /* Info.plist */,
			);
			path = testTests;
			sourceTree = "<group>";
		};
		205646F31C3DB82C008331BB /* testUITests */ = {
			isa = PBXGroup;
			children = (
				205646F41C3DB82C008331BB /* testUITests.swift */,
				205646F61C3DB82C008331BB /* Info.plist */,
			);
			path = testUITests;
			sourceTree = "<group>";
		};
/* End PBXGroup section */

/* Begin PBXNativeTarget section */
		205646D01C3DB82C008331BB /* test */ = {
			isa = PBXNativeTarget;
			buildConfigurationList = 205646F91C3DB82C008331BB /* Build configuration list for PBXNativeTarget "test" */;
			buildPhases = (
				205646CD1C3DB82C008331BB /* Sources */,
				205646CE1C3DB82C008331BB /* Frameworks */,
				205646CF1C3DB82C008331BB /* Resources */,
			);
			buildRules = (
			);
			dependencies = (
			);
			name = test;
			productName = test;
			productReference = 205646D11C3DB82C008331BB /* test.app */;
			productType = "com.apple.product-type.application";
		};
		205646E41C3DB82C008331BB /* testTests */ = {
			isa = PBXNativeTarget;
			buildConfigurationList = 205646FC1C3DB82C008331BB /* Build configuration list for PBXNativeTarget "testTests" */;
			buildPhases = (
				205646E11C3DB82C008331BB /* Sources */,
				205646E21C3DB82C008331BB /* Frameworks */,
				205646E31C3DB82C008331BB /* Resources */,
			);
			buildRules = (
			);
			dependencies = (
				205646E71C3DB82C008331BB /* PBXTargetDependency */,
			);
			name = testTests;
			productName = testTests;
			productReference = 205646E51C3DB82C008331BB /* testTests.xctest */;
			productType = "com.apple.product-type.bundle.unit-test";
		};
		205646EF1C3DB82C008331BB /* testUITests */ = {
			isa = PBXNativeTarget;
			buildConfigurationList = 205646FF1C3DB82C008331BB /* Build configuration list for PBXNativeTarget "testUITests" */;
			buildPhases = (
				205646EC1C3DB82C008331BB /* Sources */,
				205646ED1C3DB82C008331BB /* Frameworks */,
				205646EE1C3DB82C008331BB /* Resources */,
			);
			buildRules = (
			);
			dependencies = (
				205646F21C3DB82C008331BB /* PBXTargetDependency */,
			);
			name = testUITests;
			productName = testUITests;
			productReference = 205646F01C3DB82C008331BB /* testUITests.xctest */;
			productType = "com.apple.product-type.bundle.ui-testing";
		};
/* End PBXNativeTarget section */

/* Begin PBXProject section */
		205646C91C3DB82C008331BB /* Project object */ = {
			isa = PBXProject;
			attributes = {
				LastSwiftUpdateCheck = 0720;
				LastUpgradeCheck = 0720;
				ORGANIZATIONNAME = "Frank Rycak Jr";
				TargetAttributes = {
					205646D01C3DB82C008331BB = {
						CreatedOnToolsVersion = 7.2;
					};
					205646E41C3DB82C008331BB = {
						CreatedOnToolsVersion = 7.2;
						TestTargetID = 205646D01C3DB82C008331BB;
					};
					205646EF1C3DB82C008331BB = {
						CreatedOnToolsVersion = 7.2;
						TestTargetID = 205646D01C3DB82C008331BB;
					};
				};
			};
			buildConfigurationList = 205646CC1C3DB82C008331BB /* Build configuration list for PBXProject "test" */;
			compatibilityVersion = "Xcode 3.2";
			developmentRegion = English;
			hasScannedForEncodings = 0;
			knownRegions = (
				en,
				Base,
			);
			mainGroup = 205646C81C3DB82C008331BB;
			productRefGroup = 205646D21C3DB82C008331BB /* Products */;
			projectDirPath = "";
			projectRoot = "";
			targets = (
				205646D01C3DB82C008331BB /* test */,
				205646E41C3DB82C008331BB /* testTests */,
				205646EF1C3DB82C008331BB /* testUITests */,
			);
		};
/* End PBXProject section */

/* Begin PBXResourcesBuildPhase section */
		205646CF1C3DB82C008331BB /* Resources */ = {
			isa = PBXResourcesBuildPhase;
			buildActionMask = 2147483647;
			files = (
				205647051C3DC58E008331BB /* siren.mp3 in Resources */,
				205646DF1C3DB82C008331BB /* LaunchScreen.storyboard in Resources */,
				205646DC1C3DB82C008331BB /* Assets.xcassets in Resources */,
				205646DA1C3DB82C008331BB /* Main.storyboard in Resources */,
			);
			runOnlyForDeploymentPostprocessing = 0;
		};
		205646E31C3DB82C008331BB /* Resources */ = {
			isa = PBXResourcesBuildPhase;
			buildActionMask = 2147483647;
			files = (
			);
			runOnlyForDeploymentPostprocessing = 0;
		};
		205646EE1C3DB82C008331BB /* Resources */ = {
			isa = PBXResourcesBuildPhase;
			buildActionMask = 2147483647;
			files = (
			);
			runOnlyForDeploymentPostprocessing = 0;
		};
/* End PBXResourcesBuildPhase section */

/* Begin PBXSourcesBuildPhase section */
		205646CD1C3DB82C008331BB /* Sources */ = {
			isa = PBXSourcesBuildPhase;
			buildActionMask = 2147483647;
			files = (
				205646D71C3DB82C008331BB /* ViewController.swift in Sources */,
				208AD0431C5074C10021563C /* batteryState.swift in Sources */,
				205646D51C3DB82C008331BB /* AppDelegate.swift in Sources */,
			);
			runOnlyForDeploymentPostprocessing = 0;
		};
		205646E11C3DB82C008331BB /* Sources */ = {
			isa = PBXSourcesBuildPhase;
			buildActionMask = 2147483647;
			files = (
				205646EA1C3DB82C008331BB /* testTests.swift in Sources */,
			);
			runOnlyForDeploymentPostprocessing = 0;
		};
		205646EC1C3DB82C008331BB /* Sources */ = {
			isa = PBXSourcesBuildPhase;
			buildActionMask = 2147483647;
			files = (
				205646F51C3DB82C008331BB /* testUITests.swift in Sources */,
			);
			runOnlyForDeploymentPostprocessing = 0;
		};
/* End PBXSourcesBuildPhase section */

/* Begin PBXTargetDependency section */
		205646E71C3DB82C008331BB /* PBXTargetDependency */ = {
			isa = PBXTargetDependency;
			target = 205646D01C3DB82C008331BB /* test */;
			targetProxy = 205646E61C3DB82C008331BB /* PBXContainerItemProxy */;
		};
		205646F21C3DB82C008331BB /* PBXTargetDependency */ = {
			isa = PBXTargetDependency;
			target = 205646D01C3DB82C008331BB /* test */;
			targetProxy = 205646F11C3DB82C008331BB /* PBXContainerItemProxy */;
		};
/* End PBXTargetDependency section */

/* Begin PBXVariantGroup section */
		205646D81C3DB82C008331BB /* Main.storyboard */ = {
			isa = PBXVariantGroup;
			children = (
				205646D91C3DB82C008331BB /* Base */,
			);
			name = Main.storyboard;
			sourceTree = "<group>";
		};
		205646DD1C3DB82C008331BB /* LaunchScreen.storyboard */ = {
			isa = PBXVariantGroup;
			children = (
				205646DE1C3DB82C008331BB /* Base */,
			);
			name = LaunchScreen.storyboard;
			sourceTree = "<group>";
		};
/* End PBXVariantGroup section */

/* Begin XCBuildConfiguration section */
		205646F71C3DB82C008331BB /* Debug */ = {
			isa = XCBuildConfiguration;
			buildSettings = {
				ALWAYS_SEARCH_USER_PATHS = NO;
				CLANG_CXX_LANGUAGE_STANDARD = "gnu++0x";
				CLANG_CXX_LIBRARY = "libc++";
				CLANG_ENABLE_MODULES = YES;
				CLANG_ENABLE_OBJC_ARC = YES;
				CLANG_WARN_BOOL_CONVERSION = YES;
				CLANG_WARN_CONSTANT_CONVERSION = YES;
				CLANG_WARN_DIRECT_OBJC_ISA_USAGE = YES_ERROR;
				CLANG_WARN_EMPTY_BODY = YES;
				CLANG_WARN_ENUM_CONVERSION = YES;
				CLANG_WARN_INT_CONVERSION = YES;
				CLANG_WARN_OBJC_ROOT_CLASS = YES_ERROR;
				CLANG_WARN_UNREACHABLE_CODE = YES;
				CLANG_WARN__DUPLICATE_METHOD_MATCH = YES;
				"CODE_SIGN_IDENTITY[sdk=iphoneos*]" = "iPhone Developer";
				COPY_PHASE_STRIP = NO;
				DEBUG_INFORMATION_FORMAT = dwarf;
				ENABLE_STRICT_OBJC_MSGSEND = YES;
				ENABLE_TESTABILITY = YES;
				GCC_C_LANGUAGE_STANDARD = gnu99;
				GCC_DYNAMIC_NO_PIC = NO;
				GCC_NO_COMMON_BLOCKS = YES;
				GCC_OPTIMIZATION_LEVEL = 0;
				GCC_PREPROCESSOR_DEFINITIONS = (
					"DEBUG=1",
					"$(inherited)",
				);
				GCC_WARN_64_TO_32_BIT_CONVERSION = YES;
				GCC_WARN_ABOUT_RETURN_TYPE = YES_ERROR;
				GCC_WARN_UNDECLARED_SELECTOR = YES;
				GCC_WARN_UNINITIALIZED_AUTOS = YES_AGGRESSIVE;
				GCC_WARN_UNUSED_FUNCTION = YES;
				GCC_WARN_UNUSED_VARIABLE = YES;
				IPHONEOS_DEPLOYMENT_TARGET = 9.2;
				MTL_ENABLE_DEBUG_INFO = YES;
				ONLY_ACTIVE_ARCH = YES;
				SDKROOT = iphoneos;
				SWIFT_OPTIMIZATION_LEVEL = "-Onone";
			};
			name = Debug;
		};
		205646F81C3DB82C008331BB /* Release */ = {
			isa = XCBuildConfiguration;
			buildSettings = {
				ALWAYS_SEARCH_USER_PATHS = NO;
				CLANG_CXX_LANGUAGE_STANDARD = "gnu++0x";
				CLANG_CXX_LIBRARY = "libc++";
				CLANG_ENABLE_MODULES = YES;
				CLANG_ENABLE_OBJC_ARC = YES;
				CLANG_WARN_BOOL_CONVERSION = YES;
				CLANG_WARN_CONSTANT_CONVERSION = YES;
				CLANG_WARN_DIRECT_OBJC_ISA_USAGE = YES_ERROR;
				CLANG_WARN_EMPTY_BODY = YES;
				CLANG_WARN_ENUM_CONVERSION = YES;
				CLANG_WARN_INT_CONVERSION = YES;
				CLANG_WARN_OBJC_ROOT_CLASS = YES_ERROR;
				CLANG_WARN_UNREACHABLE_CODE = YES;
				CLANG_WARN__DUPLICATE_METHOD_MATCH = YES;
				"CODE_SIGN_IDENTITY[sdk=iphoneos*]" = "iPhone Developer";
				COPY_PHASE_STRIP = NO;
				DEBUG_INFORMATION_FORMAT = "dwarf-with-dsym";
				ENABLE_NS_ASSERTIONS = NO;
				ENABLE_STRICT_OBJC_MSGSEND = YES;
				GCC_C_LANGUAGE_STANDARD = gnu99;
				GCC_NO_COMMON_BLOCKS = YES;
				GCC_WARN_64_TO_32_BIT_CONVERSION = YES;
				GCC_WARN_ABOUT_RETURN_TYPE = YES_ERROR;
				GCC_WARN_UNDECLARED_SELECTOR = YES;
				GCC_WARN_UNINITIALIZED_AUTOS = YES_AGGRESSIVE;
				GCC_WARN_UNUSED_FUNCTION = YES;
				GCC_WARN_UNUSED_VARIABLE = YES;
				IPHONEOS_DEPLOYMENT_TARGET = 9.2;
				MTL_ENABLE_DEBUG_INFO = NO;
				SDKROOT = iphoneos;
				VALIDATE_PRODUCT = YES;
			};
			name = Release;
		};
		205646FA1C3DB82C008331BB /* Debug */ = {
			isa = XCBuildConfiguration;
			buildSettings = {
				ASSETCATALOG_COMPILER_APPICON_NAME = AppIcon;
				INFOPLIST_FILE = test/Info.plist;
				LD_RUNPATH_SEARCH_PATHS = "$(inherited) @executable_path/Frameworks";
				PRODUCT_BUNDLE_IDENTIFIER = com.helloidesignstuff.test;
				PRODUCT_NAME = "$(TARGET_NAME)";
			};
			name = Debug;
		};
		205646FB1C3DB82C008331BB /* Release */ = {
			isa = XCBuildConfiguration;
			buildSettings = {
				ASSETCATALOG_COMPILER_APPICON_NAME = AppIcon;
				INFOPLIST_FILE = test/Info.plist;
				LD_RUNPATH_SEARCH_PATHS = "$(inherited) @executable_path/Frameworks";
				PRODUCT_BUNDLE_IDENTIFIER = com.helloidesignstuff.test;
				PRODUCT_NAME = "$(TARGET_NAME)";
			};
			name = Release;
		};
		205646FD1C3DB82C008331BB /* Debug */ = {
			isa = XCBuildConfiguration;
			buildSettings = {
				BUNDLE_LOADER = "$(TEST_HOST)";
				INFOPLIST_FILE = testTests/Info.plist;
				LD_RUNPATH_SEARCH_PATHS = "$(inherited) @executable_path/Frameworks @loader_path/Frameworks";
				PRODUCT_BUNDLE_IDENTIFIER = com.helloidesignstuff.testTests;
				PRODUCT_NAME = "$(TARGET_NAME)";
				TEST_HOST = "$(BUILT_PRODUCTS_DIR)/test.app/test";
			};
			name = Debug;
		};
		205646FE1C3DB82C008331BB /* Release */ = {
			isa = XCBuildConfiguration;
			buildSettings = {
				BUNDLE_LOADER = "$(TEST_HOST)";
				INFOPLIST_FILE = testTests/Info.plist;
				LD_RUNPATH_SEARCH_PATHS = "$(inherited) @executable_path/Frameworks @loader_path/Frameworks";
				PRODUCT_BUNDLE_IDENTIFIER = com.helloidesignstuff.testTests;
				PRODUCT_NAME = "$(TARGET_NAME)";
				TEST_HOST = "$(BUILT_PRODUCTS_DIR)/test.app/test";
			};
			name = Release;
		};
		205647001C3DB82C008331BB /* Debug */ = {
			isa = XCBuildConfiguration;
			buildSettings = {
				INFOPLIST_FILE = testUITests/Info.plist;
				LD_RUNPATH_SEARCH_PATHS = "$(inherited) @executable_path/Frameworks @loader_path/Frameworks";
				PRODUCT_BUNDLE_IDENTIFIER = com.helloidesignstuff.testUITests;
				PRODUCT_NAME = "$(TARGET_NAME)";
				TEST_TARGET_NAME = test;
				USES_XCTRUNNER = YES;
			};
			name = Debug;
		};
		205647011C3DB82C008331BB /* Release */ = {
			isa = XCBuildConfiguration;
			buildSettings = {
				INFOPLIST_FILE = testUITests/Info.plist;
				LD_RUNPATH_SEARCH_PATHS = "$(inherited) @executable_path/Frameworks @loader_path/Frameworks";
				PRODUCT_BUNDLE_IDENTIFIER = com.helloidesignstuff.testUITests;
				PRODUCT_NAME = "$(TARGET_NAME)";
				TEST_TARGET_NAME = test;
				USES_XCTRUNNER = YES;
			};
			name = Release;
		};
/* End XCBuildConfiguration section */

/* Begin XCConfigurationList section */
		205646CC1C3DB82C008331BB /* Build configuration list for PBXProject "test" */ = {
			isa = XCConfigurationList;
			buildConfigurations = (
				205646F71C3DB82C008331BB /* Debug */,
				205646F81C3DB82C008331BB /* Release */,
			);
			defaultConfigurationIsVisible = 0;
			defaultConfigurationName = Release;
		};
		205646F91C3DB82C008331BB /* Build configuration list for PBXNativeTarget "test" */ = {
			isa = XCConfigurationList;
			buildConfigurations = (
				205646FA1C3DB82C008331BB /* Debug */,
				205646FB1C3DB82C008331BB /* Release */,
			);
			defaultConfigurationIsVisible = 0;
			defaultConfigurationName = Release;
		};
		205646FC1C3DB82C008331BB /* Build configuration list for PBXNativeTarget "testTests" */ = {
			isa = XCConfigurationList;
			buildConfigurations = (
				205646FD1C3DB82C008331BB /* Debug */,
				205646FE1C3DB82C008331BB /* Release */,
			);
			defaultConfigurationIsVisible = 0;
			defaultConfigurationName = Release;
		};
		205646FF1C3DB82C008331BB /* Build configuration list for PBXNativeTarget "testUITests" */ = {
			isa = XCConfigurationList;
			buildConfigurations = (
				205647001C3DB82C008331BB /* Debug */,
				205647011C3DB82C008331BB /* Release */,
			);
			defaultConfigurationIsVisible = 0;
			defaultConfigurationName = Release;
		};
/* End XCConfigurationList section */
	};
	rootObject = 205646C91C3DB82C008331BB /* Project object */;
}
